
Microsoft Visual Studio Solution File, Format Version 12.00
# Visual Studio Version 17
VisualStudioVersion = 17.2.32630.192
MinimumVisualStudioVersion = 10.0.40219.1
Project("{9A19103F-16F7-4668-BE54-9A1E7A4F7556}") = "R5T.T0215.Construction", "R5T.T0215.Construction\R5T.T0215.Construction.csproj", "{6D8475EC-A651-425E-BF8F-A56A73E552FE}"
EndProject
Project("{9A19103F-16F7-4668-BE54-9A1E7A4F7556}") = "R5T.T0215", "R5T.T0215\R5T.T0215.csproj", "{079C2D67-4A45-4ADF-BEF4-15CC03C03C55}"
EndProject
Project("{2150E333-8FDC-42A3-9474-1A3956D46DE8}") = "_Dependencies", "_Dependencies", "{6616C4B4-9F4C-4E96-AC2E-70E87A45667A}"
EndProject
Project("{9A19103F-16F7-4668-BE54-9A1E7A4F7556}") = "R5T.T0132", "..\..\R5T.T0132\source\R5T.T0132\R5T.T0132.csproj", "{2393DA99-35C3-40F5-9554-F4B79040F280}"
EndProject
Project("{9A19103F-16F7-4668-BE54-9A1E7A4F7556}") = "R5T.T0143", "..\..\R5T.T0143\source\R5T.T0143\R5T.T0143.csproj", "{85D37D81-C777-473D-9D1C-B838AF2C55DC}"
EndProject
Project("{9A19103F-16F7-4668-BE54-9A1E7A4F7556}") = "R5T.T0178", "..\..\R5T.T0178\source\R5T.T0178\R5T.T0178.csproj", "{E3951085-A391-4BF4-AC52-59B6099A7637}"
EndProject
Project("{9A19103F-16F7-4668-BE54-9A1E7A4F7556}") = "R5T.T0179", "..\..\R5T.T0179\source\R5T.T0179\R5T.T0179.csproj", "{11B346E2-1339-4F36-AE3E-7A6B5C672903}"
EndProject
Global
	GlobalSection(NestedProjects) = preSolution
		{2393DA99-35C3-40F5-9554-F4B79040F280} = {6616C4B4-9F4C-4E96-AC2E-70E87A45667A}
		{85D37D81-C777-473D-9D1C-B838AF2C55DC} = {6616C4B4-9F4C-4E96-AC2E-70E87A45667A}
		{E3951085-A391-4BF4-AC52-59B6099A7637} = {6616C4B4-9F4C-4E96-AC2E-70E87A45667A}
		{11B346E2-1339-4F36-AE3E-7A6B5C672903} = {6616C4B4-9F4C-4E96-AC2E-70E87A45667A}
	EndGlobalSection
	GlobalSection(SolutionConfigurationPlatforms) = preSolution
		Debug|Any CPU = Debug|Any CPU
		Release|Any CPU = Release|Any CPU
	EndGlobalSection
	GlobalSection(ProjectConfigurationPlatforms) = postSolution
		{6D8475EC-A651-425E-BF8F-A56A73E552FE}.Debug|Any CPU.ActiveCfg = Debug|Any CPU
		{6D8475EC-A651-425E-BF8F-A56A73E552FE}.Debug|Any CPU.Build.0 = Debug|Any CPU
		{6D8475EC-A651-425E-BF8F-A56A73E552FE}.Release|Any CPU.ActiveCfg = Release|Any CPU
		{6D8475EC-A651-425E-BF8F-A56A73E552FE}.Release|Any CPU.Build.0 = Release|Any CPU
		{079C2D67-4A45-4ADF-BEF4-15CC03C03C55}.Debug|Any CPU.ActiveCfg = Debug|Any CPU
		{079C2D67-4A45-4ADF-BEF4-15CC03C03C55}.Debug|Any CPU.Build.0 = Debug|Any CPU
		{079C2D67-4A45-4ADF-BEF4-15CC03C03C55}.Release|Any CPU.ActiveCfg = Release|Any CPU
		{079C2D67-4A45-4ADF-BEF4-15CC03C03C55}.Release|Any CPU.Build.0 = Release|Any CPU
		{2393DA99-35C3-40F5-9554-F4B79040F280}.Debug|Any CPU.ActiveCfg = Debug|Any CPU
		{2393DA99-35C3-40F5-9554-F4B79040F280}.Debug|Any CPU.Build.0 = Debug|Any CPU
		{2393DA99-35C3-40F5-9554-F4B79040F280}.Release|Any CPU.ActiveCfg = Release|Any CPU
		{2393DA99-35C3-40F5-9554-F4B79040F280}.Release|Any CPU.Build.0 = Release|Any CPU
		{85D37D81-C777-473D-9D1C-B838AF2C55DC}.Debug|Any CPU.ActiveCfg = Debug|Any CPU
		{85D37D81-C777-473D-9D1C-B838AF2C55DC}.Debug|Any CPU.Build.0 = Debug|Any CPU
		{85D37D81-C777-473D-9D1C-B838AF2C55DC}.Release|Any CPU.ActiveCfg = Release|Any CPU
		{85D37D81-C777-473D-9D1C-B838AF2C55DC}.Release|Any CPU.Build.0 = Release|Any CPU
		{E3951085-A391-4BF4-AC52-59B6099A7637}.Debug|Any CPU.ActiveCfg = Debug|Any CPU
		{E3951085-A391-4BF4-AC52-59B6099A7637}.Debug|Any CPU.Build.0 = Debug|Any CPU
		{E3951085-A391-4BF4-AC52-59B6099A7637}.Release|Any CPU.ActiveCfg = Release|Any CPU
		{E3951085-A391-4BF4-AC52-59B6099A7637}.Release|Any CPU.Build.0 = Release|Any CPU
		{11B346E2-1339-4F36-AE3E-7A6B5C672903}.Debug|Any CPU.ActiveCfg = Debug|Any CPU
		{11B346E2-1339-4F36-AE3E-7A6B5C672903}.Debug|Any CPU.Build.0 = Debug|Any CPU
		{11B346E2-1339-4F36-AE3E-7A6B5C672903}.Release|Any CPU.ActiveCfg = Release|Any CPU
		{11B346E2-1339-4F36-AE3E-7A6B5C672903}.Release|Any CPU.Build.0 = Release|Any CPU
	EndGlobalSection
	GlobalSection(SolutionProperties) = preSolution
		HideSolutionNode = FALSE
	EndGlobalSection
	GlobalSection(ExtensibilityGlobals) = postSolution
		SolutionGuid = {99BD23C1-93FB-4C74-9994-108783287962}
	EndGlobalSection
EndGlobal
