
Microsoft Visual Studio Solution File, Format Version 12.00
# Visual Studio Version 17
VisualStudioVersion = 17.2.32630.192
MinimumVisualStudioVersion = 10.0.40219.1
Project("{9A19103F-16F7-4668-BE54-9A1E7A4F7556}") = "R5T.T0215", "R5T.T0215\R5T.T0215.csproj", "{EC944AD9-63EC-4B2E-B672-4F9589FDDEED}"
EndProject
Project("{2150E333-8FDC-42A3-9474-1A3956D46DE8}") = "_Dependencies", "_Dependencies", "{E6811FED-B687-444B-8C27-2D339203C6A8}"
EndProject
Project("{9A19103F-16F7-4668-BE54-9A1E7A4F7556}") = "R5T.T0132", "..\..\R5T.T0132\source\R5T.T0132\R5T.T0132.csproj", "{E9837D13-3407-492C-8181-19CFCCBD07A6}"
EndProject
Project("{9A19103F-16F7-4668-BE54-9A1E7A4F7556}") = "R5T.T0143", "..\..\R5T.T0143\source\R5T.T0143\R5T.T0143.csproj", "{91202F7C-6210-4928-93D4-8BC9539A7A56}"
EndProject
Project("{9A19103F-16F7-4668-BE54-9A1E7A4F7556}") = "R5T.T0178", "..\..\R5T.T0178\source\R5T.T0178\R5T.T0178.csproj", "{877AF05B-E625-4358-90D1-74C9885BBF94}"
EndProject
Project("{9A19103F-16F7-4668-BE54-9A1E7A4F7556}") = "R5T.T0179", "..\..\R5T.T0179\source\R5T.T0179\R5T.T0179.csproj", "{F27E18AF-D559-4760-BF16-38C887252BC7}"
EndProject
Project("{9A19103F-16F7-4668-BE54-9A1E7A4F7556}") = "R5T.T0215.Z000", "R5T.T0215.Z000\R5T.T0215.Z000.csproj", "{6C866036-5852-4952-A334-5514AF65C3FA}"
EndProject
Project("{9A19103F-16F7-4668-BE54-9A1E7A4F7556}") = "R5T.T0131", "..\..\R5T.T0131\source\R5T.T0131\R5T.T0131.csproj", "{3E2602C4-5CEA-4A8B-9939-2F1C42DF45CC}"
EndProject
Global
	GlobalSection(NestedProjects) = preSolution
		{E9837D13-3407-492C-8181-19CFCCBD07A6} = {E6811FED-B687-444B-8C27-2D339203C6A8}
		{91202F7C-6210-4928-93D4-8BC9539A7A56} = {E6811FED-B687-444B-8C27-2D339203C6A8}
		{877AF05B-E625-4358-90D1-74C9885BBF94} = {E6811FED-B687-444B-8C27-2D339203C6A8}
		{F27E18AF-D559-4760-BF16-38C887252BC7} = {E6811FED-B687-444B-8C27-2D339203C6A8}
		{3E2602C4-5CEA-4A8B-9939-2F1C42DF45CC} = {E6811FED-B687-444B-8C27-2D339203C6A8}
	EndGlobalSection
	GlobalSection(SolutionConfigurationPlatforms) = preSolution
		Debug|Any CPU = Debug|Any CPU
		Release|Any CPU = Release|Any CPU
	EndGlobalSection
	GlobalSection(ProjectConfigurationPlatforms) = postSolution
		{EC944AD9-63EC-4B2E-B672-4F9589FDDEED}.Debug|Any CPU.ActiveCfg = Debug|Any CPU
		{EC944AD9-63EC-4B2E-B672-4F9589FDDEED}.Debug|Any CPU.Build.0 = Debug|Any CPU
		{EC944AD9-63EC-4B2E-B672-4F9589FDDEED}.Release|Any CPU.ActiveCfg = Release|Any CPU
		{EC944AD9-63EC-4B2E-B672-4F9589FDDEED}.Release|Any CPU.Build.0 = Release|Any CPU
		{E9837D13-3407-492C-8181-19CFCCBD07A6}.Debug|Any CPU.ActiveCfg = Debug|Any CPU
		{E9837D13-3407-492C-8181-19CFCCBD07A6}.Debug|Any CPU.Build.0 = Debug|Any CPU
		{E9837D13-3407-492C-8181-19CFCCBD07A6}.Release|Any CPU.ActiveCfg = Release|Any CPU
		{E9837D13-3407-492C-8181-19CFCCBD07A6}.Release|Any CPU.Build.0 = Release|Any CPU
		{91202F7C-6210-4928-93D4-8BC9539A7A56}.Debug|Any CPU.ActiveCfg = Debug|Any CPU
		{91202F7C-6210-4928-93D4-8BC9539A7A56}.Debug|Any CPU.Build.0 = Debug|Any CPU
		{91202F7C-6210-4928-93D4-8BC9539A7A56}.Release|Any CPU.ActiveCfg = Release|Any CPU
		{91202F7C-6210-4928-93D4-8BC9539A7A56}.Release|Any CPU.Build.0 = Release|Any CPU
		{877AF05B-E625-4358-90D1-74C9885BBF94}.Debug|Any CPU.ActiveCfg = Debug|Any CPU
		{877AF05B-E625-4358-90D1-74C9885BBF94}.Debug|Any CPU.Build.0 = Debug|Any CPU
		{877AF05B-E625-4358-90D1-74C9885BBF94}.Release|Any CPU.ActiveCfg = Release|Any CPU
		{877AF05B-E625-4358-90D1-74C9885BBF94}.Release|Any CPU.Build.0 = Release|Any CPU
		{F27E18AF-D559-4760-BF16-38C887252BC7}.Debug|Any CPU.ActiveCfg = Debug|Any CPU
		{F27E18AF-D559-4760-BF16-38C887252BC7}.Debug|Any CPU.Build.0 = Debug|Any CPU
		{F27E18AF-D559-4760-BF16-38C887252BC7}.Release|Any CPU.ActiveCfg = Release|Any CPU
		{F27E18AF-D559-4760-BF16-38C887252BC7}.Release|Any CPU.Build.0 = Release|Any CPU
		{6C866036-5852-4952-A334-5514AF65C3FA}.Debug|Any CPU.ActiveCfg = Debug|Any CPU
		{6C866036-5852-4952-A334-5514AF65C3FA}.Debug|Any CPU.Build.0 = Debug|Any CPU
		{6C866036-5852-4952-A334-5514AF65C3FA}.Release|Any CPU.ActiveCfg = Release|Any CPU
		{6C866036-5852-4952-A334-5514AF65C3FA}.Release|Any CPU.Build.0 = Release|Any CPU
		{3E2602C4-5CEA-4A8B-9939-2F1C42DF45CC}.Debug|Any CPU.ActiveCfg = Debug|Any CPU
		{3E2602C4-5CEA-4A8B-9939-2F1C42DF45CC}.Debug|Any CPU.Build.0 = Debug|Any CPU
		{3E2602C4-5CEA-4A8B-9939-2F1C42DF45CC}.Release|Any CPU.ActiveCfg = Release|Any CPU
		{3E2602C4-5CEA-4A8B-9939-2F1C42DF45CC}.Release|Any CPU.Build.0 = Release|Any CPU
	EndGlobalSection
	GlobalSection(SolutionProperties) = preSolution
		HideSolutionNode = FALSE
	EndGlobalSection
	GlobalSection(ExtensibilityGlobals) = postSolution
		SolutionGuid = {636B937B-AD9C-4558-8362-54147F24EA6E}
	EndGlobalSection
EndGlobal
